
Microsoft Visual Studio Solution File, Format Version 12.00
# Visual Studio 15
VisualStudioVersion = 15.0.28307.438
MinimumVisualStudioVersion = 10.0.40219.1
Project("{FAE04EC0-301F-11D3-BF4B-00C04F79EFBC}") = "BAQFacade", "BAQFacade\BAQFacade.csproj", "{4ADC2CA4-FFAE-46D6-AA94-CD4F76D9D67B}"
EndProject
Global
	GlobalSection(SolutionConfigurationPlatforms) = preSolution
		Debug|Any CPU = Debug|Any CPU
		Release|Any CPU = Release|Any CPU
	EndGlobalSection
	GlobalSection(ProjectConfigurationPlatforms) = postSolution
		{4ADC2CA4-FFAE-46D6-AA94-CD4F76D9D67B}.Debug|Any CPU.ActiveCfg = Debug|Any CPU
		{4ADC2CA4-FFAE-46D6-AA94-CD4F76D9D67B}.Debug|Any CPU.Build.0 = Debug|Any CPU
		{4ADC2CA4-FFAE-46D6-AA94-CD4F76D9D67B}.Release|Any CPU.ActiveCfg = Release|Any CPU
		{4ADC2CA4-FFAE-46D6-AA94-CD4F76D9D67B}.Release|Any CPU.Build.0 = Release|Any CPU
	EndGlobalSection
	GlobalSection(SolutionProperties) = preSolution
		HideSolutionNode = FALSE
	EndGlobalSection
	GlobalSection(ExtensibilityGlobals) = postSolution
		SolutionGuid = {6BAD9029-F7B5-46FE-9BE3-A680A1B676CC}
	EndGlobalSection
EndGlobal
